
Microsoft Visual Studio Solution File, Format Version 12.00
# Visual Studio Version 16
VisualStudioVersion = 16.0.29230.47
MinimumVisualStudioVersion = 10.0.40219.1
Project("{8BC9CEB8-8B4A-11D0-8D11-00A0C91BC942}") = "work2", "work2.vcxproj", "{79D08ED5-8D31-4F92-A497-7B2BCC7CD92A}"
EndProject
Global
	GlobalSection(SolutionConfigurationPlatforms) = preSolution
		Debug|x64 = Debug|x64
		Debug|x86 = Debug|x86
		Release|x64 = Release|x64
		Release|x86 = Release|x86
	EndGlobalSection
	GlobalSection(ProjectConfigurationPlatforms) = postSolution
		{79D08ED5-8D31-4F92-A497-7B2BCC7CD92A}.Debug|x64.ActiveCfg = Debug|x64
		{79D08ED5-8D31-4F92-A497-7B2BCC7CD92A}.Debug|x64.Build.0 = Debug|x64
		{79D08ED5-8D31-4F92-A497-7B2BCC7CD92A}.Debug|x86.ActiveCfg = Debug|Win32
		{79D08ED5-8D31-4F92-A497-7B2BCC7CD92A}.Debug|x86.Build.0 = Debug|Win32
		{79D08ED5-8D31-4F92-A497-7B2BCC7CD92A}.Release|x64.ActiveCfg = Release|x64
		{79D08ED5-8D31-4F92-A497-7B2BCC7CD92A}.Release|x64.Build.0 = Release|x64
		{79D08ED5-8D31-4F92-A497-7B2BCC7CD92A}.Release|x86.ActiveCfg = Release|Win32
		{79D08ED5-8D31-4F92-A497-7B2BCC7CD92A}.Release|x86.Build.0 = Release|Win32
	EndGlobalSection
	GlobalSection(SolutionProperties) = preSolution
		HideSolutionNode = FALSE
	EndGlobalSection
	GlobalSection(ExtensibilityGlobals) = postSolution
		SolutionGuid = {2AF7EF62-3A8A-48C1-86D8-4F985C748CBC}
	EndGlobalSection
EndGlobal
